
Microsoft Visual Studio Solution File, Format Version 12.00
# Visual Studio Version 16
VisualStudioVersion = 16.0.31727.386
MinimumVisualStudioVersion = 10.0.40219.1
Project("{8BC9CEB8-8B4A-11D0-8D11-00A0C91BC942}") = "WinAPI", "WinAPI\WinAPI.vcxproj", "{2EA91AA4-AB03-4361-A59C-8DF985D977F7}"
EndProject
Project("{8BC9CEB8-8B4A-11D0-8D11-00A0C91BC942}") = "ComboBox", "ComboBox\ComboBox.vcxproj", "{9F7A89C6-171A-45A8-A163-E2D34A0DCA2B}"
EndProject
Project("{8BC9CEB8-8B4A-11D0-8D11-00A0C91BC942}") = "ListBox", "ListBox\ListBox.vcxproj", "{979FAFD7-D395-4BAB-B258-40E6C12C2773}"
EndProject
Global
	GlobalSection(SolutionConfigurationPlatforms) = preSolution
		Debug|x64 = Debug|x64
		Debug|x86 = Debug|x86
		Release|x64 = Release|x64
		Release|x86 = Release|x86
	EndGlobalSection
	GlobalSection(ProjectConfigurationPlatforms) = postSolution
		{2EA91AA4-AB03-4361-A59C-8DF985D977F7}.Debug|x64.ActiveCfg = Debug|x64
		{2EA91AA4-AB03-4361-A59C-8DF985D977F7}.Debug|x64.Build.0 = Debug|x64
		{2EA91AA4-AB03-4361-A59C-8DF985D977F7}.Debug|x86.ActiveCfg = Debug|Win32
		{2EA91AA4-AB03-4361-A59C-8DF985D977F7}.Debug|x86.Build.0 = Debug|Win32
		{2EA91AA4-AB03-4361-A59C-8DF985D977F7}.Release|x64.ActiveCfg = Release|x64
		{2EA91AA4-AB03-4361-A59C-8DF985D977F7}.Release|x64.Build.0 = Release|x64
		{2EA91AA4-AB03-4361-A59C-8DF985D977F7}.Release|x86.ActiveCfg = Release|Win32
		{2EA91AA4-AB03-4361-A59C-8DF985D977F7}.Release|x86.Build.0 = Release|Win32
		{9F7A89C6-171A-45A8-A163-E2D34A0DCA2B}.Debug|x64.ActiveCfg = Debug|x64
		{9F7A89C6-171A-45A8-A163-E2D34A0DCA2B}.Debug|x64.Build.0 = Debug|x64
		{9F7A89C6-171A-45A8-A163-E2D34A0DCA2B}.Debug|x86.ActiveCfg = Debug|Win32
		{9F7A89C6-171A-45A8-A163-E2D34A0DCA2B}.Debug|x86.Build.0 = Debug|Win32
		{9F7A89C6-171A-45A8-A163-E2D34A0DCA2B}.Release|x64.ActiveCfg = Release|x64
		{9F7A89C6-171A-45A8-A163-E2D34A0DCA2B}.Release|x64.Build.0 = Release|x64
		{9F7A89C6-171A-45A8-A163-E2D34A0DCA2B}.Release|x86.ActiveCfg = Release|Win32
		{9F7A89C6-171A-45A8-A163-E2D34A0DCA2B}.Release|x86.Build.0 = Release|Win32
		{979FAFD7-D395-4BAB-B258-40E6C12C2773}.Debug|x64.ActiveCfg = Debug|x64
		{979FAFD7-D395-4BAB-B258-40E6C12C2773}.Debug|x64.Build.0 = Debug|x64
		{979FAFD7-D395-4BAB-B258-40E6C12C2773}.Debug|x86.ActiveCfg = Debug|Win32
		{979FAFD7-D395-4BAB-B258-40E6C12C2773}.Debug|x86.Build.0 = Debug|Win32
		{979FAFD7-D395-4BAB-B258-40E6C12C2773}.Release|x64.ActiveCfg = Release|x64
		{979FAFD7-D395-4BAB-B258-40E6C12C2773}.Release|x64.Build.0 = Release|x64
		{979FAFD7-D395-4BAB-B258-40E6C12C2773}.Release|x86.ActiveCfg = Release|Win32
		{979FAFD7-D395-4BAB-B258-40E6C12C2773}.Release|x86.Build.0 = Release|Win32
	EndGlobalSection
	GlobalSection(SolutionProperties) = preSolution
		HideSolutionNode = FALSE
	EndGlobalSection
	GlobalSection(ExtensibilityGlobals) = postSolution
		SolutionGuid = {5DC75441-B914-4BD4-B507-40F82A511A57}
	EndGlobalSection
EndGlobal
